
Microsoft Visual Studio Solution File, Format Version 12.00
# Visual Studio 15
VisualStudioVersion = 15.0.28306.52
MinimumVisualStudioVersion = 10.0.40219.1
Project("{FAE04EC0-301F-11D3-BF4B-00C04F79EFBC}") = "AppSQlite.Android", "AppSQlite\AppSQlite.Android\AppSQlite.Android.csproj", "{8CB1491E-3B9F-4946-B903-44E58EAB6102}"
EndProject
Project("{FAE04EC0-301F-11D3-BF4B-00C04F79EFBC}") = "AppSQlite.iOS", "AppSQlite\AppSQlite.iOS\AppSQlite.iOS.csproj", "{DB193E40-457A-474A-B3F4-07A8385ED1F5}"
EndProject
Project("{FAE04EC0-301F-11D3-BF4B-00C04F79EFBC}") = "AppSQlite.UWP", "AppSQlite\AppSQlite.UWP\AppSQlite.UWP.csproj", "{A416FCB6-E1CE-4EE2-8CAA-79FE8FB299C9}"
EndProject
Project("{9A19103F-16F7-4668-BE54-9A1E7A4F7556}") = "AppSQlite", "AppSQlite\AppSQlite\AppSQlite.csproj", "{A607BC40-CDBE-464E-BC07-A029AD115F33}"
EndProject
Global
	GlobalSection(SolutionConfigurationPlatforms) = preSolution
		Ad-Hoc|Any CPU = Ad-Hoc|Any CPU
		Ad-Hoc|ARM = Ad-Hoc|ARM
		Ad-Hoc|ARM64 = Ad-Hoc|ARM64
		Ad-Hoc|iPhone = Ad-Hoc|iPhone
		Ad-Hoc|iPhoneSimulator = Ad-Hoc|iPhoneSimulator
		Ad-Hoc|x64 = Ad-Hoc|x64
		Ad-Hoc|x86 = Ad-Hoc|x86
		AppStore|Any CPU = AppStore|Any CPU
		AppStore|ARM = AppStore|ARM
		AppStore|ARM64 = AppStore|ARM64
		AppStore|iPhone = AppStore|iPhone
		AppStore|iPhoneSimulator = AppStore|iPhoneSimulator
		AppStore|x64 = AppStore|x64
		AppStore|x86 = AppStore|x86
		Debug|Any CPU = Debug|Any CPU
		Debug|ARM = Debug|ARM
		Debug|ARM64 = Debug|ARM64
		Debug|iPhone = Debug|iPhone
		Debug|iPhoneSimulator = Debug|iPhoneSimulator
		Debug|x64 = Debug|x64
		Debug|x86 = Debug|x86
		Release|Any CPU = Release|Any CPU
		Release|ARM = Release|ARM
		Release|ARM64 = Release|ARM64
		Release|iPhone = Release|iPhone
		Release|iPhoneSimulator = Release|iPhoneSimulator
		Release|x64 = Release|x64
		Release|x86 = Release|x86
	EndGlobalSection
	GlobalSection(ProjectConfigurationPlatforms) = postSolution
		{8CB1491E-3B9F-4946-B903-44E58EAB6102}.Ad-Hoc|Any CPU.ActiveCfg = Release|Any CPU
		{8CB1491E-3B9F-4946-B903-44E58EAB6102}.Ad-Hoc|Any CPU.Build.0 = Release|Any CPU
		{8CB1491E-3B9F-4946-B903-44E58EAB6102}.Ad-Hoc|Any CPU.Deploy.0 = Release|Any CPU
		{8CB1491E-3B9F-4946-B903-44E58EAB6102}.Ad-Hoc|ARM.ActiveCfg = Release|Any CPU
		{8CB1491E-3B9F-4946-B903-44E58EAB6102}.Ad-Hoc|ARM.Build.0 = Release|Any CPU
		{8CB1491E-3B9F-4946-B903-44E58EAB6102}.Ad-Hoc|ARM.Deploy.0 = Release|Any CPU
		{8CB1491E-3B9F-4946-B903-44E58EAB6102}.Ad-Hoc|ARM64.ActiveCfg = Debug|Any CPU
		{8CB1491E-3B9F-4946-B903-44E58EAB6102}.Ad-Hoc|ARM64.Build.0 = Debug|Any CPU
		{8CB1491E-3B9F-4946-B903-44E58EAB6102}.Ad-Hoc|ARM64.Deploy.0 = Debug|Any CPU
		{8CB1491E-3B9F-4946-B903-44E58EAB6102}.Ad-Hoc|iPhone.ActiveCfg = Release|Any CPU
		{8CB1491E-3B9F-4946-B903-44E58EAB6102}.Ad-Hoc|iPhone.Build.0 = Release|Any CPU
		{8CB1491E-3B9F-4946-B903-44E58EAB6102}.Ad-Hoc|iPhone.Deploy.0 = Release|Any CPU
		{8CB1491E-3B9F-4946-B903-44E58EAB6102}.Ad-Hoc|iPhoneSimulator.ActiveCfg = Release|Any CPU
		{8CB1491E-3B9F-4946-B903-44E58EAB6102}.Ad-Hoc|iPhoneSimulator.Build.0 = Release|Any CPU
		{8CB1491E-3B9F-4946-B903-44E58EAB6102}.Ad-Hoc|iPhoneSimulator.Deploy.0 = Release|Any CPU
		{8CB1491E-3B9F-4946-B903-44E58EAB6102}.Ad-Hoc|x64.ActiveCfg = Release|Any CPU
		{8CB1491E-3B9F-4946-B903-44E58EAB6102}.Ad-Hoc|x64.Build.0 = Release|Any CPU
		{8CB1491E-3B9F-4946-B903-44E58EAB6102}.Ad-Hoc|x64.Deploy.0 = Release|Any CPU
		{8CB1491E-3B9F-4946-B903-44E58EAB6102}.Ad-Hoc|x86.ActiveCfg = Release|Any CPU
		{8CB1491E-3B9F-4946-B903-44E58EAB6102}.Ad-Hoc|x86.Build.0 = Release|Any CPU
		{8CB1491E-3B9F-4946-B903-44E58EAB6102}.Ad-Hoc|x86.Deploy.0 = Release|Any CPU
		{8CB1491E-3B9F-4946-B903-44E58EAB6102}.AppStore|Any CPU.ActiveCfg = Release|Any CPU
		{8CB1491E-3B9F-4946-B903-44E58EAB6102}.AppStore|Any CPU.Build.0 = Release|Any CPU
		{8CB1491E-3B9F-4946-B903-44E58EAB6102}.AppStore|Any CPU.Deploy.0 = Release|Any CPU
		{8CB1491E-3B9F-4946-B903-44E58EAB6102}.AppStore|ARM.ActiveCfg = Release|Any CPU
		{8CB1491E-3B9F-4946-B903-44E58EAB6102}.AppStore|ARM.Build.0 = Release|Any CPU
		{8CB1491E-3B9F-4946-B903-44E58EAB6102}.AppStore|ARM.Deploy.0 = Release|Any CPU
		{8CB1491E-3B9F-4946-B903-44E58EAB6102}.AppStore|ARM64.ActiveCfg = Debug|Any CPU
		{8CB1491E-3B9F-4946-B903-44E58EAB6102}.AppStore|ARM64.Build.0 = Debug|Any CPU
		{8CB1491E-3B9F-4946-B903-44E58EAB6102}.AppStore|ARM64.Deploy.0 = Debug|Any CPU
		{8CB1491E-3B9F-4946-B903-44E58EAB6102}.AppStore|iPhone.ActiveCfg = Release|Any CPU
		{8CB1491E-3B9F-4946-B903-44E58EAB6102}.AppStore|iPhone.Build.0 = Release|Any CPU
		{8CB1491E-3B9F-4946-B903-44E58EAB6102}.AppStore|iPhone.Deploy.0 = Release|Any CPU
		{8CB1491E-3B9F-4946-B903-44E58EAB6102}.AppStore|iPhoneSimulator.ActiveCfg = Release|Any CPU
		{8CB1491E-3B9F-4946-B903-44E58EAB6102}.AppStore|iPhoneSimulator.Build.0 = Release|Any CPU
		{8CB1491E-3B9F-4946-B903-44E58EAB6102}.AppStore|iPhoneSimulator.Deploy.0 = Release|Any CPU
		{8CB1491E-3B9F-4946-B903-44E58EAB6102}.AppStore|x64.ActiveCfg = Release|Any CPU
		{8CB1491E-3B9F-4946-B903-44E58EAB6102}.AppStore|x64.Build.0 = Release|Any CPU
		{8CB1491E-3B9F-4946-B903-44E58EAB6102}.AppStore|x64.Deploy.0 = Release|Any CPU
		{8CB1491E-3B9F-4946-B903-44E58EAB6102}.AppStore|x86.ActiveCfg = Release|Any CPU
		{8CB1491E-3B9F-4946-B903-44E58EAB6102}.AppStore|x86.Build.0 = Release|Any CPU
		{8CB1491E-3B9F-4946-B903-44E58EAB6102}.AppStore|x86.Deploy.0 = Release|Any CPU
		{8CB1491E-3B9F-4946-B903-44E58EAB6102}.Debug|Any CPU.ActiveCfg = Debug|Any CPU
		{8CB1491E-3B9F-4946-B903-44E58EAB6102}.Debug|Any CPU.Build.0 = Debug|Any CPU
		{8CB1491E-3B9F-4946-B903-44E58EAB6102}.Debug|Any CPU.Deploy.0 = Debug|Any CPU
		{8CB1491E-3B9F-4946-B903-44E58EAB6102}.Debug|ARM.ActiveCfg = Debug|Any CPU
		{8CB1491E-3B9F-4946-B903-44E58EAB6102}.Debug|ARM.Build.0 = Debug|Any CPU
		{8CB1491E-3B9F-4946-B903-44E58EAB6102}.Debug|ARM.Deploy.0 = Debug|Any CPU
		{8CB1491E-3B9F-4946-B903-44E58EAB6102}.Debug|ARM64.ActiveCfg = Debug|Any CPU
		{8CB1491E-3B9F-4946-B903-44E58EAB6102}.Debug|ARM64.Build.0 = Debug|Any CPU
		{8CB1491E-3B9F-4946-B903-44E58EAB6102}.Debug|ARM64.Deploy.0 = Debug|Any CPU
		{8CB1491E-3B9F-4946-B903-44E58EAB6102}.Debug|iPhone.ActiveCfg = Debug|Any CPU
		{8CB1491E-3B9F-4946-B903-44E58EAB6102}.Debug|iPhone.Build.0 = Debug|Any CPU
		{8CB1491E-3B9F-4946-B903-44E58EAB6102}.Debug|iPhone.Deploy.0 = Debug|Any CPU
		{8CB1491E-3B9F-4946-B903-44E58EAB6102}.Debug|iPhoneSimulator.ActiveCfg = Debug|Any CPU
		{8CB1491E-3B9F-4946-B903-44E58EAB6102}.Debug|iPhoneSimulator.Build.0 = Debug|Any CPU
		{8CB1491E-3B9F-4946-B903-44E58EAB6102}.Debug|iPhoneSimulator.Deploy.0 = Debug|Any CPU
		{8CB1491E-3B9F-4946-B903-44E58EAB6102}.Debug|x64.ActiveCfg = Debug|Any CPU
		{8CB1491E-3B9F-4946-B903-44E58EAB6102}.Debug|x64.Build.0 = Debug|Any CPU
		{8CB1491E-3B9F-4946-B903-44E58EAB6102}.Debug|x64.Deploy.0 = Debug|Any CPU
		{8CB1491E-3B9F-4946-B903-44E58EAB6102}.Debug|x86.ActiveCfg = Debug|Any CPU
		{8CB1491E-3B9F-4946-B903-44E58EAB6102}.Debug|x86.Build.0 = Debug|Any CPU
		{8CB1491E-3B9F-4946-B903-44E58EAB6102}.Debug|x86.Deploy.0 = Debug|Any CPU
		{8CB1491E-3B9F-4946-B903-44E58EAB6102}.Release|Any CPU.ActiveCfg = Release|Any CPU
		{8CB1491E-3B9F-4946-B903-44E58EAB6102}.Release|Any CPU.Build.0 = Release|Any CPU
		{8CB1491E-3B9F-4946-B903-44E58EAB6102}.Release|Any CPU.Deploy.0 = Release|Any CPU
		{8CB1491E-3B9F-4946-B903-44E58EAB6102}.Release|ARM.ActiveCfg = Release|Any CPU
		{8CB1491E-3B9F-4946-B903-44E58EAB6102}.Release|ARM.Build.0 = Release|Any CPU
		{8CB1491E-3B9F-4946-B903-44E58EAB6102}.Release|ARM.Deploy.0 = Release|Any CPU
		{8CB1491E-3B9F-4946-B903-44E58EAB6102}.Release|ARM64.ActiveCfg = Release|Any CPU
		{8CB1491E-3B9F-4946-B903-44E58EAB6102}.Release|ARM64.Build.0 = Release|Any CPU
		{8CB1491E-3B9F-4946-B903-44E58EAB6102}.Release|ARM64.Deploy.0 = Release|Any CPU
		{8CB1491E-3B9F-4946-B903-44E58EAB6102}.Release|iPhone.ActiveCfg = Release|Any CPU
		{8CB1491E-3B9F-4946-B903-44E58EAB6102}.Release|iPhone.Build.0 = Release|Any CPU
		{8CB1491E-3B9F-4946-B903-44E58EAB6102}.Release|iPhone.Deploy.0 = Release|Any CPU
		{8CB1491E-3B9F-4946-B903-44E58EAB6102}.Release|iPhoneSimulator.ActiveCfg = Release|Any CPU
		{8CB1491E-3B9F-4946-B903-44E58EAB6102}.Release|iPhoneSimulator.Build.0 = Release|Any CPU
		{8CB1491E-3B9F-4946-B903-44E58EAB6102}.Release|iPhoneSimulator.Deploy.0 = Release|Any CPU
		{8CB1491E-3B9F-4946-B903-44E58EAB6102}.Release|x64.ActiveCfg = Release|Any CPU
		{8CB1491E-3B9F-4946-B903-44E58EAB6102}.Release|x64.Build.0 = Release|Any CPU
		{8CB1491E-3B9F-4946-B903-44E58EAB6102}.Release|x64.Deploy.0 = Release|Any CPU
		{8CB1491E-3B9F-4946-B903-44E58EAB6102}.Release|x86.ActiveCfg = Release|Any CPU
		{8CB1491E-3B9F-4946-B903-44E58EAB6102}.Release|x86.Build.0 = Release|Any CPU
		{8CB1491E-3B9F-4946-B903-44E58EAB6102}.Release|x86.Deploy.0 = Release|Any CPU
		{DB193E40-457A-474A-B3F4-07A8385ED1F5}.Ad-Hoc|Any CPU.ActiveCfg = Ad-Hoc|iPhone
		{DB193E40-457A-474A-B3F4-07A8385ED1F5}.Ad-Hoc|Any CPU.Build.0 = Ad-Hoc|iPhone
		{DB193E40-457A-474A-B3F4-07A8385ED1F5}.Ad-Hoc|Any CPU.Deploy.0 = Ad-Hoc|iPhone
		{DB193E40-457A-474A-B3F4-07A8385ED1F5}.Ad-Hoc|ARM.ActiveCfg = Ad-Hoc|iPhone
		{DB193E40-457A-474A-B3F4-07A8385ED1F5}.Ad-Hoc|ARM.Build.0 = Ad-Hoc|iPhone
		{DB193E40-457A-474A-B3F4-07A8385ED1F5}.Ad-Hoc|ARM.Deploy.0 = Ad-Hoc|iPhone
		{DB193E40-457A-474A-B3F4-07A8385ED1F5}.Ad-Hoc|ARM64.ActiveCfg = Ad-Hoc|iPhoneSimulator
		{DB193E40-457A-474A-B3F4-07A8385ED1F5}.Ad-Hoc|iPhone.ActiveCfg = Ad-Hoc|iPhone
		{DB193E40-457A-474A-B3F4-07A8385ED1F5}.Ad-Hoc|iPhone.Build.0 = Ad-Hoc|iPhone
		{DB193E40-457A-474A-B3F4-07A8385ED1F5}.Ad-Hoc|iPhone.Deploy.0 = Ad-Hoc|iPhone
		{DB193E40-457A-474A-B3F4-07A8385ED1F5}.Ad-Hoc|iPhoneSimulator.ActiveCfg = Ad-Hoc|iPhoneSimulator
		{DB193E40-457A-474A-B3F4-07A8385ED1F5}.Ad-Hoc|iPhoneSimulator.Build.0 = Ad-Hoc|iPhoneSimulator
		{DB193E40-457A-474A-B3F4-07A8385ED1F5}.Ad-Hoc|iPhoneSimulator.Deploy.0 = Ad-Hoc|iPhoneSimulator
		{DB193E40-457A-474A-B3F4-07A8385ED1F5}.Ad-Hoc|x64.ActiveCfg = Ad-Hoc|iPhone
		{DB193E40-457A-474A-B3F4-07A8385ED1F5}.Ad-Hoc|x64.Build.0 = Ad-Hoc|iPhone
		{DB193E40-457A-474A-B3F4-07A8385ED1F5}.Ad-Hoc|x64.Deploy.0 = Ad-Hoc|iPhone
		{DB193E40-457A-474A-B3F4-07A8385ED1F5}.Ad-Hoc|x86.ActiveCfg = Ad-Hoc|iPhone
		{DB193E40-457A-474A-B3F4-07A8385ED1F5}.Ad-Hoc|x86.Build.0 = Ad-Hoc|iPhone
		{DB193E40-457A-474A-B3F4-07A8385ED1F5}.Ad-Hoc|x86.Deploy.0 = Ad-Hoc|iPhone
		{DB193E40-457A-474A-B3F4-07A8385ED1F5}.AppStore|Any CPU.ActiveCfg = AppStore|iPhone
		{DB193E40-457A-474A-B3F4-07A8385ED1F5}.AppStore|Any CPU.Build.0 = AppStore|iPhone
		{DB193E40-457A-474A-B3F4-07A8385ED1F5}.AppStore|Any CPU.Deploy.0 = AppStore|iPhone
		{DB193E40-457A-474A-B3F4-07A8385ED1F5}.AppStore|ARM.ActiveCfg = AppStore|iPhone
		{DB193E40-457A-474A-B3F4-07A8385ED1F5}.AppStore|ARM.Build.0 = AppStore|iPhone
		{DB193E40-457A-474A-B3F4-07A8385ED1F5}.AppStore|ARM.Deploy.0 = AppStore|iPhone
		{DB193E40-457A-474A-B3F4-07A8385ED1F5}.AppStore|ARM64.ActiveCfg = AppStore|iPhoneSimulator
		{DB193E40-457A-474A-B3F4-07A8385ED1F5}.AppStore|iPhone.ActiveCfg = AppStore|iPhone
		{DB193E40-457A-474A-B3F4-07A8385ED1F5}.AppStore|iPhone.Build.0 = AppStore|iPhone
		{DB193E40-457A-474A-B3F4-07A8385ED1F5}.AppStore|iPhone.Deploy.0 = AppStore|iPhone
		{DB193E40-457A-474A-B3F4-07A8385ED1F5}.AppStore|iPhoneSimulator.ActiveCfg = AppStore|iPhoneSimulator
		{DB193E40-457A-474A-B3F4-07A8385ED1F5}.AppStore|iPhoneSimulator.Build.0 = AppStore|iPhoneSimulator
		{DB193E40-457A-474A-B3F4-07A8385ED1F5}.AppStore|iPhoneSimulator.Deploy.0 = AppStore|iPhoneSimulator
		{DB193E40-457A-474A-B3F4-07A8385ED1F5}.AppStore|x64.ActiveCfg = AppStore|iPhone
		{DB193E40-457A-474A-B3F4-07A8385ED1F5}.AppStore|x64.Build.0 = AppStore|iPhone
		{DB193E40-457A-474A-B3F4-07A8385ED1F5}.AppStore|x64.Deploy.0 = AppStore|iPhone
		{DB193E40-457A-474A-B3F4-07A8385ED1F5}.AppStore|x86.ActiveCfg = AppStore|iPhone
		{DB193E40-457A-474A-B3F4-07A8385ED1F5}.AppStore|x86.Build.0 = AppStore|iPhone
		{DB193E40-457A-474A-B3F4-07A8385ED1F5}.AppStore|x86.Deploy.0 = AppStore|iPhone
		{DB193E40-457A-474A-B3F4-07A8385ED1F5}.Debug|Any CPU.ActiveCfg = Debug|iPhoneSimulator
		{DB193E40-457A-474A-B3F4-07A8385ED1F5}.Debug|Any CPU.Build.0 = Debug|iPhoneSimulator
		{DB193E40-457A-474A-B3F4-07A8385ED1F5}.Debug|Any CPU.Deploy.0 = Debug|iPhoneSimulator
		{DB193E40-457A-474A-B3F4-07A8385ED1F5}.Debug|ARM.ActiveCfg = Debug|iPhone
		{DB193E40-457A-474A-B3F4-07A8385ED1F5}.Debug|ARM.Build.0 = Debug|iPhone
		{DB193E40-457A-474A-B3F4-07A8385ED1F5}.Debug|ARM.Deploy.0 = Debug|iPhone
		{DB193E40-457A-474A-B3F4-07A8385ED1F5}.Debug|ARM64.ActiveCfg = Debug|iPhone
		{DB193E40-457A-474A-B3F4-07A8385ED1F5}.Debug|iPhone.ActiveCfg = Debug|iPhone
		{DB193E40-457A-474A-B3F4-07A8385ED1F5}.Debug|iPhone.Build.0 = Debug|iPhone
		{DB193E40-457A-474A-B3F4-07A8385ED1F5}.Debug|iPhone.Deploy.0 = Debug|iPhone
		{DB193E40-457A-474A-B3F4-07A8385ED1F5}.Debug|iPhoneSimulator.ActiveCfg = Debug|iPhoneSimulator
		{DB193E40-457A-474A-B3F4-07A8385ED1F5}.Debug|iPhoneSimulator.Build.0 = Debug|iPhoneSimulator
		{DB193E40-457A-474A-B3F4-07A8385ED1F5}.Debug|iPhoneSimulator.Deploy.0 = Debug|iPhoneSimulator
		{DB193E40-457A-474A-B3F4-07A8385ED1F5}.Debug|x64.ActiveCfg = Debug|iPhone
		{DB193E40-457A-474A-B3F4-07A8385ED1F5}.Debug|x64.Build.0 = Debug|iPhone
		{DB193E40-457A-474A-B3F4-07A8385ED1F5}.Debug|x64.Deploy.0 = Debug|iPhone
		{DB193E40-457A-474A-B3F4-07A8385ED1F5}.Debug|x86.ActiveCfg = Debug|iPhone
		{DB193E40-457A-474A-B3F4-07A8385ED1F5}.Debug|x86.Build.0 = Debug|iPhone
		{DB193E40-457A-474A-B3F4-07A8385ED1F5}.Debug|x86.Deploy.0 = Debug|iPhone
		{DB193E40-457A-474A-B3F4-07A8385ED1F5}.Release|Any CPU.ActiveCfg = Release|iPhone
		{DB193E40-457A-474A-B3F4-07A8385ED1F5}.Release|Any CPU.Build.0 = Release|iPhone
		{DB193E40-457A-474A-B3F4-07A8385ED1F5}.Release|Any CPU.Deploy.0 = Release|iPhone
		{DB193E40-457A-474A-B3F4-07A8385ED1F5}.Release|ARM.ActiveCfg = Release|iPhone
		{DB193E40-457A-474A-B3F4-07A8385ED1F5}.Release|ARM.Build.0 = Release|iPhone
		{DB193E40-457A-474A-B3F4-07A8385ED1F5}.Release|ARM.Deploy.0 = Release|iPhone
		{DB193E40-457A-474A-B3F4-07A8385ED1F5}.Release|ARM64.ActiveCfg = Release|iPhoneSimulator
		{DB193E40-457A-474A-B3F4-07A8385ED1F5}.Release|iPhone.ActiveCfg = Release|iPhone
		{DB193E40-457A-474A-B3F4-07A8385ED1F5}.Release|iPhone.Build.0 = Release|iPhone
		{DB193E40-457A-474A-B3F4-07A8385ED1F5}.Release|iPhone.Deploy.0 = Release|iPhone
		{DB193E40-457A-474A-B3F4-07A8385ED1F5}.Release|iPhoneSimulator.ActiveCfg = Release|iPhoneSimulator
		{DB193E40-457A-474A-B3F4-07A8385ED1F5}.Release|iPhoneSimulator.Build.0 = Release|iPhoneSimulator
		{DB193E40-457A-474A-B3F4-07A8385ED1F5}.Release|iPhoneSimulator.Deploy.0 = Release|iPhoneSimulator
		{DB193E40-457A-474A-B3F4-07A8385ED1F5}.Release|x64.ActiveCfg = Release|iPhone
		{DB193E40-457A-474A-B3F4-07A8385ED1F5}.Release|x64.Build.0 = Release|iPhone
		{DB193E40-457A-474A-B3F4-07A8385ED1F5}.Release|x64.Deploy.0 = Release|iPhone
		{DB193E40-457A-474A-B3F4-07A8385ED1F5}.Release|x86.ActiveCfg = Release|iPhone
		{DB193E40-457A-474A-B3F4-07A8385ED1F5}.Release|x86.Build.0 = Release|iPhone
		{DB193E40-457A-474A-B3F4-07A8385ED1F5}.Release|x86.Deploy.0 = Release|iPhone
		{A416FCB6-E1CE-4EE2-8CAA-79FE8FB299C9}.Ad-Hoc|Any CPU.ActiveCfg = Release|x86
		{A416FCB6-E1CE-4EE2-8CAA-79FE8FB299C9}.Ad-Hoc|Any CPU.Build.0 = Release|x86
		{A416FCB6-E1CE-4EE2-8CAA-79FE8FB299C9}.Ad-Hoc|Any CPU.Deploy.0 = Release|x86
		{A416FCB6-E1CE-4EE2-8CAA-79FE8FB299C9}.Ad-Hoc|ARM.ActiveCfg = Release|ARM
		{A416FCB6-E1CE-4EE2-8CAA-79FE8FB299C9}.Ad-Hoc|ARM.Build.0 = Release|ARM
		{A416FCB6-E1CE-4EE2-8CAA-79FE8FB299C9}.Ad-Hoc|ARM.Deploy.0 = Release|ARM
		{A416FCB6-E1CE-4EE2-8CAA-79FE8FB299C9}.Ad-Hoc|ARM64.ActiveCfg = Debug|x64
		{A416FCB6-E1CE-4EE2-8CAA-79FE8FB299C9}.Ad-Hoc|ARM64.Build.0 = Debug|x64
		{A416FCB6-E1CE-4EE2-8CAA-79FE8FB299C9}.Ad-Hoc|ARM64.Deploy.0 = Debug|x64
		{A416FCB6-E1CE-4EE2-8CAA-79FE8FB299C9}.Ad-Hoc|iPhone.ActiveCfg = Release|x86
		{A416FCB6-E1CE-4EE2-8CAA-79FE8FB299C9}.Ad-Hoc|iPhone.Build.0 = Release|x86
		{A416FCB6-E1CE-4EE2-8CAA-79FE8FB299C9}.Ad-Hoc|iPhone.Deploy.0 = Release|x86
		{A416FCB6-E1CE-4EE2-8CAA-79FE8FB299C9}.Ad-Hoc|iPhoneSimulator.ActiveCfg = Release|x86
		{A416FCB6-E1CE-4EE2-8CAA-79FE8FB299C9}.Ad-Hoc|iPhoneSimulator.Build.0 = Release|x86
		{A416FCB6-E1CE-4EE2-8CAA-79FE8FB299C9}.Ad-Hoc|iPhoneSimulator.Deploy.0 = Release|x86
		{A416FCB6-E1CE-4EE2-8CAA-79FE8FB299C9}.Ad-Hoc|x64.ActiveCfg = Release|x64
		{A416FCB6-E1CE-4EE2-8CAA-79FE8FB299C9}.Ad-Hoc|x64.Build.0 = Release|x64
		{A416FCB6-E1CE-4EE2-8CAA-79FE8FB299C9}.Ad-Hoc|x64.Deploy.0 = Release|x64
		{A416FCB6-E1CE-4EE2-8CAA-79FE8FB299C9}.Ad-Hoc|x86.ActiveCfg = Release|x86
		{A416FCB6-E1CE-4EE2-8CAA-79FE8FB299C9}.Ad-Hoc|x86.Build.0 = Release|x86
		{A416FCB6-E1CE-4EE2-8CAA-79FE8FB299C9}.Ad-Hoc|x86.Deploy.0 = Release|x86
		{A416FCB6-E1CE-4EE2-8CAA-79FE8FB299C9}.AppStore|Any CPU.ActiveCfg = Release|x86
		{A416FCB6-E1CE-4EE2-8CAA-79FE8FB299C9}.AppStore|Any CPU.Build.0 = Release|x86
		{A416FCB6-E1CE-4EE2-8CAA-79FE8FB299C9}.AppStore|Any CPU.Deploy.0 = Release|x86
		{A416FCB6-E1CE-4EE2-8CAA-79FE8FB299C9}.AppStore|ARM.ActiveCfg = Release|ARM
		{A416FCB6-E1CE-4EE2-8CAA-79FE8FB299C9}.AppStore|ARM.Build.0 = Release|ARM
		{A416FCB6-E1CE-4EE2-8CAA-79FE8FB299C9}.AppStore|ARM.Deploy.0 = Release|ARM
		{A416FCB6-E1CE-4EE2-8CAA-79FE8FB299C9}.AppStore|ARM64.ActiveCfg = Debug|x64
		{A416FCB6-E1CE-4EE2-8CAA-79FE8FB299C9}.AppStore|ARM64.Build.0 = Debug|x64
		{A416FCB6-E1CE-4EE2-8CAA-79FE8FB299C9}.AppStore|ARM64.Deploy.0 = Debug|x64
		{A416FCB6-E1CE-4EE2-8CAA-79FE8FB299C9}.AppStore|iPhone.ActiveCfg = Release|x86
		{A416FCB6-E1CE-4EE2-8CAA-79FE8FB299C9}.AppStore|iPhone.Build.0 = Release|x86
		{A416FCB6-E1CE-4EE2-8CAA-79FE8FB299C9}.AppStore|iPhone.Deploy.0 = Release|x86
		{A416FCB6-E1CE-4EE2-8CAA-79FE8FB299C9}.AppStore|iPhoneSimulator.ActiveCfg = Release|x86
		{A416FCB6-E1CE-4EE2-8CAA-79FE8FB299C9}.AppStore|iPhoneSimulator.Build.0 = Release|x86
		{A416FCB6-E1CE-4EE2-8CAA-79FE8FB299C9}.AppStore|iPhoneSimulator.Deploy.0 = Release|x86
		{A416FCB6-E1CE-4EE2-8CAA-79FE8FB299C9}.AppStore|x64.ActiveCfg = Release|x64
		{A416FCB6-E1CE-4EE2-8CAA-79FE8FB299C9}.AppStore|x64.Build.0 = Release|x64
		{A416FCB6-E1CE-4EE2-8CAA-79FE8FB299C9}.AppStore|x64.Deploy.0 = Release|x64
		{A416FCB6-E1CE-4EE2-8CAA-79FE8FB299C9}.AppStore|x86.ActiveCfg = Release|x86
		{A416FCB6-E1CE-4EE2-8CAA-79FE8FB299C9}.AppStore|x86.Build.0 = Release|x86
		{A416FCB6-E1CE-4EE2-8CAA-79FE8FB299C9}.AppStore|x86.Deploy.0 = Release|x86
		{A416FCB6-E1CE-4EE2-8CAA-79FE8FB299C9}.Debug|Any CPU.ActiveCfg = Debug|x86
		{A416FCB6-E1CE-4EE2-8CAA-79FE8FB299C9}.Debug|Any CPU.Build.0 = Debug|x86
		{A416FCB6-E1CE-4EE2-8CAA-79FE8FB299C9}.Debug|Any CPU.Deploy.0 = Debug|x86
		{A416FCB6-E1CE-4EE2-8CAA-79FE8FB299C9}.Debug|ARM.ActiveCfg = Debug|ARM
		{A416FCB6-E1CE-4EE2-8CAA-79FE8FB299C9}.Debug|ARM.Build.0 = Debug|ARM
		{A416FCB6-E1CE-4EE2-8CAA-79FE8FB299C9}.Debug|ARM.Deploy.0 = Debug|ARM
		{A416FCB6-E1CE-4EE2-8CAA-79FE8FB299C9}.Debug|ARM64.ActiveCfg = Debug|x86
		{A416FCB6-E1CE-4EE2-8CAA-79FE8FB299C9}.Debug|iPhone.ActiveCfg = Debug|x86
		{A416FCB6-E1CE-4EE2-8CAA-79FE8FB299C9}.Debug|iPhone.Build.0 = Debug|x86
		{A416FCB6-E1CE-4EE2-8CAA-79FE8FB299C9}.Debug|iPhone.Deploy.0 = Debug|x86
		{A416FCB6-E1CE-4EE2-8CAA-79FE8FB299C9}.Debug|iPhoneSimulator.ActiveCfg = Debug|x86
		{A416FCB6-E1CE-4EE2-8CAA-79FE8FB299C9}.Debug|iPhoneSimulator.Build.0 = Debug|x86
		{A416FCB6-E1CE-4EE2-8CAA-79FE8FB299C9}.Debug|iPhoneSimulator.Deploy.0 = Debug|x86
		{A416FCB6-E1CE-4EE2-8CAA-79FE8FB299C9}.Debug|x64.ActiveCfg = Debug|x64
		{A416FCB6-E1CE-4EE2-8CAA-79FE8FB299C9}.Debug|x64.Build.0 = Debug|x64
		{A416FCB6-E1CE-4EE2-8CAA-79FE8FB299C9}.Debug|x64.Deploy.0 = Debug|x64
		{A416FCB6-E1CE-4EE2-8CAA-79FE8FB299C9}.Debug|x86.ActiveCfg = Debug|x86
		{A416FCB6-E1CE-4EE2-8CAA-79FE8FB299C9}.Debug|x86.Build.0 = Debug|x86
		{A416FCB6-E1CE-4EE2-8CAA-79FE8FB299C9}.Debug|x86.Deploy.0 = Debug|x86
		{A416FCB6-E1CE-4EE2-8CAA-79FE8FB299C9}.Release|Any CPU.ActiveCfg = Release|x86
		{A416FCB6-E1CE-4EE2-8CAA-79FE8FB299C9}.Release|Any CPU.Build.0 = Release|x86
		{A416FCB6-E1CE-4EE2-8CAA-79FE8FB299C9}.Release|Any CPU.Deploy.0 = Release|x86
		{A416FCB6-E1CE-4EE2-8CAA-79FE8FB299C9}.Release|ARM.ActiveCfg = Release|ARM
		{A416FCB6-E1CE-4EE2-8CAA-79FE8FB299C9}.Release|ARM.Build.0 = Release|ARM
		{A416FCB6-E1CE-4EE2-8CAA-79FE8FB299C9}.Release|ARM.Deploy.0 = Release|ARM
		{A416FCB6-E1CE-4EE2-8CAA-79FE8FB299C9}.Release|ARM64.ActiveCfg = Release|x86
		{A416FCB6-E1CE-4EE2-8CAA-79FE8FB299C9}.Release|iPhone.ActiveCfg = Release|x86
		{A416FCB6-E1CE-4EE2-8CAA-79FE8FB299C9}.Release|iPhone.Build.0 = Release|x86
		{A416FCB6-E1CE-4EE2-8CAA-79FE8FB299C9}.Release|iPhone.Deploy.0 = Release|x86
		{A416FCB6-E1CE-4EE2-8CAA-79FE8FB299C9}.Release|iPhoneSimulator.ActiveCfg = Release|x86
		{A416FCB6-E1CE-4EE2-8CAA-79FE8FB299C9}.Release|iPhoneSimulator.Build.0 = Release|x86
		{A416FCB6-E1CE-4EE2-8CAA-79FE8FB299C9}.Release|iPhoneSimulator.Deploy.0 = Release|x86
		{A416FCB6-E1CE-4EE2-8CAA-79FE8FB299C9}.Release|x64.ActiveCfg = Release|x64
		{A416FCB6-E1CE-4EE2-8CAA-79FE8FB299C9}.Release|x64.Build.0 = Release|x64
		{A416FCB6-E1CE-4EE2-8CAA-79FE8FB299C9}.Release|x64.Deploy.0 = Release|x64
		{A416FCB6-E1CE-4EE2-8CAA-79FE8FB299C9}.Release|x86.ActiveCfg = Release|x86
		{A416FCB6-E1CE-4EE2-8CAA-79FE8FB299C9}.Release|x86.Build.0 = Release|x86
		{A416FCB6-E1CE-4EE2-8CAA-79FE8FB299C9}.Release|x86.Deploy.0 = Release|x86
		{A607BC40-CDBE-464E-BC07-A029AD115F33}.Ad-Hoc|Any CPU.ActiveCfg = Debug|Any CPU
		{A607BC40-CDBE-464E-BC07-A029AD115F33}.Ad-Hoc|Any CPU.Build.0 = Debug|Any CPU
		{A607BC40-CDBE-464E-BC07-A029AD115F33}.Ad-Hoc|Any CPU.Deploy.0 = Debug|Any CPU
		{A607BC40-CDBE-464E-BC07-A029AD115F33}.Ad-Hoc|ARM.ActiveCfg = Debug|Any CPU
		{A607BC40-CDBE-464E-BC07-A029AD115F33}.Ad-Hoc|ARM.Build.0 = Debug|Any CPU
		{A607BC40-CDBE-464E-BC07-A029AD115F33}.Ad-Hoc|ARM.Deploy.0 = Debug|Any CPU
		{A607BC40-CDBE-464E-BC07-A029AD115F33}.Ad-Hoc|ARM64.ActiveCfg = Release|Any CPU
		{A607BC40-CDBE-464E-BC07-A029AD115F33}.Ad-Hoc|ARM64.Build.0 = Release|Any CPU
		{A607BC40-CDBE-464E-BC07-A029AD115F33}.Ad-Hoc|iPhone.ActiveCfg = Debug|Any CPU
		{A607BC40-CDBE-464E-BC07-A029AD115F33}.Ad-Hoc|iPhone.Build.0 = Debug|Any CPU
		{A607BC40-CDBE-464E-BC07-A029AD115F33}.Ad-Hoc|iPhone.Deploy.0 = Debug|Any CPU
		{A607BC40-CDBE-464E-BC07-A029AD115F33}.Ad-Hoc|iPhoneSimulator.ActiveCfg = Debug|Any CPU
		{A607BC40-CDBE-464E-BC07-A029AD115F33}.Ad-Hoc|iPhoneSimulator.Build.0 = Debug|Any CPU
		{A607BC40-CDBE-464E-BC07-A029AD115F33}.Ad-Hoc|iPhoneSimulator.Deploy.0 = Debug|Any CPU
		{A607BC40-CDBE-464E-BC07-A029AD115F33}.Ad-Hoc|x64.ActiveCfg = Debug|Any CPU
		{A607BC40-CDBE-464E-BC07-A029AD115F33}.Ad-Hoc|x64.Build.0 = Debug|Any CPU
		{A607BC40-CDBE-464E-BC07-A029AD115F33}.Ad-Hoc|x64.Deploy.0 = Debug|Any CPU
		{A607BC40-CDBE-464E-BC07-A029AD115F33}.Ad-Hoc|x86.ActiveCfg = Debug|Any CPU
		{A607BC40-CDBE-464E-BC07-A029AD115F33}.Ad-Hoc|x86.Build.0 = Debug|Any CPU
		{A607BC40-CDBE-464E-BC07-A029AD115F33}.Ad-Hoc|x86.Deploy.0 = Debug|Any CPU
		{A607BC40-CDBE-464E-BC07-A029AD115F33}.AppStore|Any CPU.ActiveCfg = Debug|Any CPU
		{A607BC40-CDBE-464E-BC07-A029AD115F33}.AppStore|Any CPU.Build.0 = Debug|Any CPU
		{A607BC40-CDBE-464E-BC07-A029AD115F33}.AppStore|Any CPU.Deploy.0 = Debug|Any CPU
		{A607BC40-CDBE-464E-BC07-A029AD115F33}.AppStore|ARM.ActiveCfg = Debug|Any CPU
		{A607BC40-CDBE-464E-BC07-A029AD115F33}.AppStore|ARM.Build.0 = Debug|Any CPU
		{A607BC40-CDBE-464E-BC07-A029AD115F33}.AppStore|ARM.Deploy.0 = Debug|Any CPU
		{A607BC40-CDBE-464E-BC07-A029AD115F33}.AppStore|ARM64.ActiveCfg = Release|Any CPU
		{A607BC40-CDBE-464E-BC07-A029AD115F33}.AppStore|ARM64.Build.0 = Release|Any CPU
		{A607BC40-CDBE-464E-BC07-A029AD115F33}.AppStore|iPhone.ActiveCfg = Debug|Any CPU
		{A607BC40-CDBE-464E-BC07-A029AD115F33}.AppStore|iPhone.Build.0 = Debug|Any CPU
		{A607BC40-CDBE-464E-BC07-A029AD115F33}.AppStore|iPhone.Deploy.0 = Debug|Any CPU
		{A607BC40-CDBE-464E-BC07-A029AD115F33}.AppStore|iPhoneSimulator.ActiveCfg = Debug|Any CPU
		{A607BC40-CDBE-464E-BC07-A029AD115F33}.AppStore|iPhoneSimulator.Build.0 = Debug|Any CPU
		{A607BC40-CDBE-464E-BC07-A029AD115F33}.AppStore|iPhoneSimulator.Deploy.0 = Debug|Any CPU
		{A607BC40-CDBE-464E-BC07-A029AD115F33}.AppStore|x64.ActiveCfg = Debug|Any CPU
		{A607BC40-CDBE-464E-BC07-A029AD115F33}.AppStore|x64.Build.0 = Debug|Any CPU
		{A607BC40-CDBE-464E-BC07-A029AD115F33}.AppStore|x64.Deploy.0 = Debug|Any CPU
		{A607BC40-CDBE-464E-BC07-A029AD115F33}.AppStore|x86.ActiveCfg = Debug|Any CPU
		{A607BC40-CDBE-464E-BC07-A029AD115F33}.AppStore|x86.Build.0 = Debug|Any CPU
		{A607BC40-CDBE-464E-BC07-A029AD115F33}.AppStore|x86.Deploy.0 = Debug|Any CPU
		{A607BC40-CDBE-464E-BC07-A029AD115F33}.Debug|Any CPU.ActiveCfg = Debug|Any CPU
		{A607BC40-CDBE-464E-BC07-A029AD115F33}.Debug|Any CPU.Build.0 = Debug|Any CPU
		{A607BC40-CDBE-464E-BC07-A029AD115F33}.Debug|Any CPU.Deploy.0 = Debug|Any CPU
		{A607BC40-CDBE-464E-BC07-A029AD115F33}.Debug|ARM.ActiveCfg = Debug|Any CPU
		{A607BC40-CDBE-464E-BC07-A029AD115F33}.Debug|ARM.Build.0 = Debug|Any CPU
		{A607BC40-CDBE-464E-BC07-A029AD115F33}.Debug|ARM.Deploy.0 = Debug|Any CPU
		{A607BC40-CDBE-464E-BC07-A029AD115F33}.Debug|ARM64.ActiveCfg = Debug|Any CPU
		{A607BC40-CDBE-464E-BC07-A029AD115F33}.Debug|ARM64.Build.0 = Debug|Any CPU
		{A607BC40-CDBE-464E-BC07-A029AD115F33}.Debug|iPhone.ActiveCfg = Debug|Any CPU
		{A607BC40-CDBE-464E-BC07-A029AD115F33}.Debug|iPhone.Build.0 = Debug|Any CPU
		{A607BC40-CDBE-464E-BC07-A029AD115F33}.Debug|iPhone.Deploy.0 = Debug|Any CPU
		{A607BC40-CDBE-464E-BC07-A029AD115F33}.Debug|iPhoneSimulator.ActiveCfg = Debug|Any CPU
		{A607BC40-CDBE-464E-BC07-A029AD115F33}.Debug|iPhoneSimulator.Build.0 = Debug|Any CPU
		{A607BC40-CDBE-464E-BC07-A029AD115F33}.Debug|iPhoneSimulator.Deploy.0 = Debug|Any CPU
		{A607BC40-CDBE-464E-BC07-A029AD115F33}.Debug|x64.ActiveCfg = Debug|Any CPU
		{A607BC40-CDBE-464E-BC07-A029AD115F33}.Debug|x64.Build.0 = Debug|Any CPU
		{A607BC40-CDBE-464E-BC07-A029AD115F33}.Debug|x64.Deploy.0 = Debug|Any CPU
		{A607BC40-CDBE-464E-BC07-A029AD115F33}.Debug|x86.ActiveCfg = Debug|Any CPU
		{A607BC40-CDBE-464E-BC07-A029AD115F33}.Debug|x86.Build.0 = Debug|Any CPU
		{A607BC40-CDBE-464E-BC07-A029AD115F33}.Debug|x86.Deploy.0 = Debug|Any CPU
		{A607BC40-CDBE-464E-BC07-A029AD115F33}.Release|Any CPU.ActiveCfg = Release|Any CPU
		{A607BC40-CDBE-464E-BC07-A029AD115F33}.Release|Any CPU.Build.0 = Release|Any CPU
		{A607BC40-CDBE-464E-BC07-A029AD115F33}.Release|Any CPU.Deploy.0 = Release|Any CPU
		{A607BC40-CDBE-464E-BC07-A029AD115F33}.Release|ARM.ActiveCfg = Release|Any CPU
		{A607BC40-CDBE-464E-BC07-A029AD115F33}.Release|ARM.Build.0 = Release|Any CPU
		{A607BC40-CDBE-464E-BC07-A029AD115F33}.Release|ARM.Deploy.0 = Release|Any CPU
		{A607BC40-CDBE-464E-BC07-A029AD115F33}.Release|ARM64.ActiveCfg = Release|Any CPU
		{A607BC40-CDBE-464E-BC07-A029AD115F33}.Release|ARM64.Build.0 = Release|Any CPU
		{A607BC40-CDBE-464E-BC07-A029AD115F33}.Release|iPhone.ActiveCfg = Release|Any CPU
		{A607BC40-CDBE-464E-BC07-A029AD115F33}.Release|iPhone.Build.0 = Release|Any CPU
		{A607BC40-CDBE-464E-BC07-A029AD115F33}.Release|iPhone.Deploy.0 = Release|Any CPU
		{A607BC40-CDBE-464E-BC07-A029AD115F33}.Release|iPhoneSimulator.ActiveCfg = Release|Any CPU
		{A607BC40-CDBE-464E-BC07-A029AD115F33}.Release|iPhoneSimulator.Build.0 = Release|Any CPU
		{A607BC40-CDBE-464E-BC07-A029AD115F33}.Release|iPhoneSimulator.Deploy.0 = Release|Any CPU
		{A607BC40-CDBE-464E-BC07-A029AD115F33}.Release|x64.ActiveCfg = Release|Any CPU
		{A607BC40-CDBE-464E-BC07-A029AD115F33}.Release|x64.Build.0 = Release|Any CPU
		{A607BC40-CDBE-464E-BC07-A029AD115F33}.Release|x64.Deploy.0 = Release|Any CPU
		{A607BC40-CDBE-464E-BC07-A029AD115F33}.Release|x86.ActiveCfg = Release|Any CPU
		{A607BC40-CDBE-464E-BC07-A029AD115F33}.Release|x86.Build.0 = Release|Any CPU
		{A607BC40-CDBE-464E-BC07-A029AD115F33}.Release|x86.Deploy.0 = Release|Any CPU
	EndGlobalSection
	GlobalSection(SolutionProperties) = preSolution
		HideSolutionNode = FALSE
	EndGlobalSection
	GlobalSection(ExtensibilityGlobals) = postSolution
		SolutionGuid = {64FC42B7-24B0-4952-921F-805822D5A277}
	EndGlobalSection
EndGlobal
